
Microsoft Visual Studio Solution File, Format Version 12.00
# Visual Studio 2013
VisualStudioVersion = 12.0.21005.1
MinimumVisualStudioVersion = 10.0.40219.1
Project("{F184B08F-C81C-45F6-A57F-5ABD9991F28F}") = "WebApplication1", "WebApplication1\WebApplication1.vbproj", "{140EBC8D-4667-4CF0-A11B-22E92A48A686}"
EndProject
Project("{2150E333-8FDC-42A3-9474-1A3956D46DE8}") = ".nuget", ".nuget", "{817F0ABC-D024-4534-A0B9-282C0975CD61}"
	ProjectSection(SolutionItems) = preProject
		.nuget\NuGet.Config = .nuget\NuGet.Config
		.nuget\NuGet.exe = .nuget\NuGet.exe
		.nuget\NuGet.targets = .nuget\NuGet.targets
	EndProjectSection
EndProject
Global
	GlobalSection(SolutionConfigurationPlatforms) = preSolution
		Debug|Any CPU = Debug|Any CPU
		Release|Any CPU = Release|Any CPU
	EndGlobalSection
	GlobalSection(ProjectConfigurationPlatforms) = postSolution
		{140EBC8D-4667-4CF0-A11B-22E92A48A686}.Debug|Any CPU.ActiveCfg = Debug|Any CPU
		{140EBC8D-4667-4CF0-A11B-22E92A48A686}.Debug|Any CPU.Build.0 = Debug|Any CPU
		{140EBC8D-4667-4CF0-A11B-22E92A48A686}.Release|Any CPU.ActiveCfg = Release|Any CPU
		{140EBC8D-4667-4CF0-A11B-22E92A48A686}.Release|Any CPU.Build.0 = Release|Any CPU
	EndGlobalSection
	GlobalSection(SolutionProperties) = preSolution
		HideSolutionNode = FALSE
	EndGlobalSection
EndGlobal
